<?xml version="1.0" encoding="UTF-8"?>
<Scheme
   LastUpgradeVersion = "0700"
   version = "2.0">
   <BuildAction
      parallelizeBuildables = "YES"
      buildImplicitDependencies = "YES">
      <BuildActionEntries>
         <BuildActionEntry
            buildForTesting = "YES"
            buildForRunning = "YES"
            buildForProfiling = "YES"
            buildForArchiving = "YES"
            buildForAnalyzing = "YES">
            <BuildableReference
               BuildableIdentifier = "primary"
               BlueprintIdentifier = "EC32BE8D1BC3FD0100FECCA2"
               BuildableName = "BackgroundTransfers WatchKit App.app"
               BlueprintName = "BackgroundTransfers WatchKit App"
               ReferencedContainer = "container:BackgroundTransfers.xcodeproj">
            </BuildableReference>
         </BuildActionEntry>
         <BuildActionEntry
            buildForTesting = "YES"
            buildForRunning = "YES"
            buildForProfiling = "YES"
            buildForArchiving = "YES"
            buildForAnalyzing = "YES">
            <BuildableReference
               BuildableIdentifier = "primary"
               BlueprintIdentifier = "EC32BE761BC3FD0100FECCA2"
               BuildableName = "BackgroundTransfers.app"
               BlueprintName = "BackgroundTransfers"
               ReferencedContainer = "container:BackgroundTransfers.xcodeproj">
            </BuildableReference>
         </BuildActionEntry>
         <BuildActionEntry
            buildForTesting = "YES"
            buildForRunning = "YES"
            buildForProfiling = "YES"
            buildForArchiving = "YES"
            buildForAnalyzing = "YES">
            <BuildableReference
               BuildableIdentifier = "primary"
               BlueprintIdentifier = "EC32BE9C1BC3FD0100FECCA2"
               BuildableName = "BackgroundTransfers WatchKit Extension.appex"
               BlueprintName = "BackgroundTransfers WatchKit Extension"
               ReferencedContainer = "container:BackgroundTransfers.xcodeproj">
            </BuildableReference>
         </BuildActionEntry>
      </BuildActionEntries>
   </BuildAction>
   <TestAction
      buildConfiguration = "Debug"
      selectedDebuggerIdentifier = "Xcode.DebuggerFoundation.Debugger.LLDB"
      selectedLauncherIdentifier = "Xcode.DebuggerFoundation.Launcher.LLDB"
      shouldUseLaunchSchemeArgsEnv = "YES">
      <Testables>
      </Testables>
      <MacroExpansion>
         <BuildableReference
            BuildableIdentifier = "primary"
            BlueprintIdentifier = "EC32BE8D1BC3FD0100FECCA2"
            BuildableName = "BackgroundTransfers WatchKit App.app"
            BlueprintName = "BackgroundTransfers WatchKit App"
            ReferencedContainer = "container:BackgroundTransfers.xcodeproj">
         </BuildableReference>
      </MacroExpansion>
      <AdditionalOptions>
      </AdditionalOptions>
   </TestAction>
   <LaunchAction
      buildConfiguration = "Debug"
      selectedDebuggerIdentifier = "Xcode.DebuggerFoundation.Debugger.LLDB"
      selectedLauncherIdentifier = "Xcode.DebuggerFoundation.Launcher.LLDB"
      launchStyle = "0"
      useCustomWorkingDirectory = "NO"
      ignoresPersistentStateOnLaunch = "NO"
      debugDocumentVersioning = "YES"
      debugServiceExtension = "internal"
      allowLocationSimulation = "YES"
      launchAutomaticallySubstyle = "8"
      notificationPayloadFile = "BackgroundTransfers WatchKit Extension/PushNotificationPayload.apns">
      <RemoteRunnable
         runnableDebuggingMode = "2"
         BundleIdentifier = "com.apple.carousel"
         RemotePath = "/BackgroundTransfers WatchKit App">
         <BuildableReference
            BuildableIdentifier = "primary"
            BlueprintIdentifier = "EC32BE8D1BC3FD0100FECCA2"
            BuildableName = "BackgroundTransfers WatchKit App.app"
            BlueprintName = "BackgroundTransfers WatchKit App"
            ReferencedContainer = "container:BackgroundTransfers.xcodeproj">
         </BuildableReference>
      </RemoteRunnable>
      <MacroExpansion>
         <BuildableReference
            BuildableIdentifier = "primary"
            BlueprintIdentifier = "EC32BE8D1BC3FD0100FECCA2"
            BuildableName = "BackgroundTransfers WatchKit App.app"
            BlueprintName = "BackgroundTransfers WatchKit App"
            ReferencedContainer = "container:BackgroundTransfers.xcodeproj">
         </BuildableReference>
      </MacroExpansion>
      <AdditionalOptions>
      </AdditionalOptions>
   </LaunchAction>
   <ProfileAction
      buildConfiguration = "Release"
      shouldUseLaunchSchemeArgsEnv = "YES"
      savedToolIdentifier = ""
      useCustomWorkingDirectory = "NO"
      debugDocumentVersioning = "YES"
      launchAutomaticallySubstyle = "8"
      notificationPayloadFile = "BackgroundTransfers WatchKit Extension/PushNotificationPayload.apns">
      <RemoteRunnable
         runnableDebuggingMode = "2"
         BundleIdentifier = "com.apple.carousel"
         RemotePath = "/BackgroundTransfers WatchKit App">
         <BuildableReference
            BuildableIdentifier = "primary"
            BlueprintIdentifier = "EC32BE8D1BC3FD0100FECCA2"
            BuildableName = "BackgroundTransfers WatchKit App.app"
            BlueprintName = "BackgroundTransfers WatchKit App"
            ReferencedContainer = "container:BackgroundTransfers.xcodeproj">
         </BuildableReference>
      </RemoteRunnable>
      <MacroExpansion>
         <BuildableReference
            BuildableIdentifier = "primary"
            BlueprintIdentifier = "EC32BE8D1BC3FD0100FECCA2"
            BuildableName = "BackgroundTransfers WatchKit App.app"
            BlueprintName = "BackgroundTransfers WatchKit App"
            ReferencedContainer = "container:BackgroundTransfers.xcodeproj">
         </BuildableReference>
      </MacroExpansion>
   </ProfileAction>
   <AnalyzeAction
      buildConfiguration = "Debug">
   </AnalyzeAction>
   <ArchiveAction
      buildConfiguration = "Release"
      revealArchiveInOrganizer = "YES">
   </ArchiveAction>
</Scheme>
